
Microsoft Visual Studio Solution File, Format Version 12.00
# Visual Studio Version 16
VisualStudioVersion = 16.0.31624.102
MinimumVisualStudioVersion = 10.0.40219.1
Project("{FAE04EC0-301F-11D3-BF4B-00C04F79EFBC}") = "SchedulerClass", "SchedulerClass\SchedulerClass.csproj", "{FA97BEE3-4766-4982-8BFE-C40195028CA9}"
EndProject
Project("{9A19103F-16F7-4668-BE54-9A1E7A4F7556}") = "SchedulerClass.UnitTest", "SchedulerClass.UnitTest\SchedulerClass.UnitTest.csproj", "{CF5FAECA-7409-4715-ACFF-8AB6380926A8}"
EndProject
Global
	GlobalSection(SolutionConfigurationPlatforms) = preSolution
		Debug|Any CPU = Debug|Any CPU
		Release|Any CPU = Release|Any CPU
	EndGlobalSection
	GlobalSection(ProjectConfigurationPlatforms) = postSolution
		{FA97BEE3-4766-4982-8BFE-C40195028CA9}.Debug|Any CPU.ActiveCfg = Debug|Any CPU
		{FA97BEE3-4766-4982-8BFE-C40195028CA9}.Debug|Any CPU.Build.0 = Debug|Any CPU
		{FA97BEE3-4766-4982-8BFE-C40195028CA9}.Release|Any CPU.ActiveCfg = Release|Any CPU
		{FA97BEE3-4766-4982-8BFE-C40195028CA9}.Release|Any CPU.Build.0 = Release|Any CPU
		{CF5FAECA-7409-4715-ACFF-8AB6380926A8}.Debug|Any CPU.ActiveCfg = Debug|Any CPU
		{CF5FAECA-7409-4715-ACFF-8AB6380926A8}.Debug|Any CPU.Build.0 = Debug|Any CPU
		{CF5FAECA-7409-4715-ACFF-8AB6380926A8}.Release|Any CPU.ActiveCfg = Release|Any CPU
		{CF5FAECA-7409-4715-ACFF-8AB6380926A8}.Release|Any CPU.Build.0 = Release|Any CPU
	EndGlobalSection
	GlobalSection(SolutionProperties) = preSolution
		HideSolutionNode = FALSE
	EndGlobalSection
	GlobalSection(ExtensibilityGlobals) = postSolution
		SolutionGuid = {71A2D270-4AD5-40C3-BA87-A3828E0CFDE9}
	EndGlobalSection
EndGlobal
